
Microsoft Visual Studio Solution File, Format Version 12.00
# Visual Studio 15
VisualStudioVersion = 15.0.28307.1062
MinimumVisualStudioVersion = 10.0.40219.1
Project("{F184B08F-C81C-45F6-A57F-5ABD9991F28F}") = "WebApplication1", "WebApplication1\WebApplication1.vbproj", "{BE840932-109E-4BA7-9A11-381A7401B512}"
EndProject
Global
	GlobalSection(SolutionConfigurationPlatforms) = preSolution
		Debug|Any CPU = Debug|Any CPU
		Release|Any CPU = Release|Any CPU
	EndGlobalSection
	GlobalSection(ProjectConfigurationPlatforms) = postSolution
		{BE840932-109E-4BA7-9A11-381A7401B512}.Debug|Any CPU.ActiveCfg = Debug|Any CPU
		{BE840932-109E-4BA7-9A11-381A7401B512}.Debug|Any CPU.Build.0 = Debug|Any CPU
		{BE840932-109E-4BA7-9A11-381A7401B512}.Release|Any CPU.ActiveCfg = Release|Any CPU
		{BE840932-109E-4BA7-9A11-381A7401B512}.Release|Any CPU.Build.0 = Release|Any CPU
	EndGlobalSection
	GlobalSection(SolutionProperties) = preSolution
		HideSolutionNode = FALSE
	EndGlobalSection
	GlobalSection(ExtensibilityGlobals) = postSolution
		SolutionGuid = {7A7A9142-2D56-4517-9F27-8713049C9D6A}
	EndGlobalSection
EndGlobal
